// !$*UTF8*$!
{
	archiveVersion = 1;
	classes = {
	};
	objectVersion = 50;
	objects = {

/* Begin PBXBuildFile section */
		954243B92498DBBD00D89BD0 /* Psychosis.rcproject in Sources */ = {isa = PBXBuildFile; fileRef = 954243B82498DBBD00D89BD0 /* Psychosis.rcproject */; };
		95F1EA72242F76E500C1771F /* AppDelegate.swift in Sources */ = {isa = PBXBuildFile; fileRef = 95F1EA71242F76E500C1771F /* AppDelegate.swift */; };
		95F1EA74242F76E500C1771F /* ARViewController.swift in Sources */ = {isa = PBXBuildFile; fileRef = 95F1EA73242F76E500C1771F /* ARViewController.swift */; };
		95F1EA79242F76E500C1771F /* Main.storyboard in Resources */ = {isa = PBXBuildFile; fileRef = 95F1EA77242F76E500C1771F /* Main.storyboard */; };
		95F1EA7B242F76E700C1771F /* Assets.xcassets in Resources */ = {isa = PBXBuildFile; fileRef = 95F1EA7A242F76E700C1771F /* Assets.xcassets */; };
		95F1EA7E242F76E700C1771F /* LaunchScreen.storyboard in Resources */ = {isa = PBXBuildFile; fileRef = 95F1EA7C242F76E700C1771F /* LaunchScreen.storyboard */; };
		95F1EA89242F76E700C1771F /* Split_MindTests.swift in Sources */ = {isa = PBXBuildFile; fileRef = 95F1EA88242F76E700C1771F /* Split_MindTests.swift */; };
		95F1EA94242F786000C1771F /* MenuViewController.swift in Sources */ = {isa = PBXBuildFile; fileRef = 95F1EA93242F786000C1771F /* MenuViewController.swift */; };
/* End PBXBuildFile section */

/* Begin PBXContainerItemProxy section */
		95F1EA85242F76E700C1771F /* PBXContainerItemProxy */ = {
			isa = PBXContainerItemProxy;
			containerPortal = 95F1EA66242F76E500C1771F /* Project object */;
			proxyType = 1;
			remoteGlobalIDString = 95F1EA6D242F76E500C1771F;
			remoteInfo = "Split Mind";
		};
/* End PBXContainerItemProxy section */

/* Begin PBXFileReference section */
		954243B82498DBBD00D89BD0 /* Psychosis.rcproject */ = {isa = PBXFileReference; lastKnownFileType = file.rcproject; path = Psychosis.rcproject; sourceTree = "<group>"; };
		95F1EA6E242F76E500C1771F /* Split Mind.app */ = {isa = PBXFileReference; explicitFileType = wrapper.application; includeInIndex = 0; path = "Split Mind.app"; sourceTree = BUILT_PRODUCTS_DIR; };
		95F1EA71242F76E500C1771F /* AppDelegate.swift */ = {isa = PBXFileReference; lastKnownFileType = sourcecode.swift; path = AppDelegate.swift; sourceTree = "<group>"; };
		95F1EA73242F76E500C1771F /* ARViewController.swift */ = {isa = PBXFileReference; lastKnownFileType = sourcecode.swift; path = ARViewController.swift; sourceTree = "<group>"; };
		95F1EA78242F76E500C1771F /* Base */ = {isa = PBXFileReference; lastKnownFileType = file.storyboard; name = Base; path = Base.lproj/Main.storyboard; sourceTree = "<group>"; };
		95F1EA7A242F76E700C1771F /* Assets.xcassets */ = {isa = PBXFileReference; lastKnownFileType = folder.assetcatalog; path = Assets.xcassets; sourceTree = "<group>"; };
		95F1EA7D242F76E700C1771F /* Base */ = {isa = PBXFileReference; lastKnownFileType = file.storyboard; name = Base; path = Base.lproj/LaunchScreen.storyboard; sourceTree = "<group>"; };
		95F1EA7F242F76E700C1771F /* Info.plist */ = {isa = PBXFileReference; lastKnownFileType = text.plist.xml; path = Info.plist; sourceTree = "<group>"; };
		95F1EA84242F76E700C1771F /* Split MindTests.xctest */ = {isa = PBXFileReference; explicitFileType = wrapper.cfbundle; includeInIndex = 0; path = "Split MindTests.xctest"; sourceTree = BUILT_PRODUCTS_DIR; };
		95F1EA88242F76E700C1771F /* Split_MindTests.swift */ = {isa = PBXFileReference; lastKnownFileType = sourcecode.swift; path = Split_MindTests.swift; sourceTree = "<group>"; };
		95F1EA8A242F76E700C1771F /* Info.plist */ = {isa = PBXFileReference; lastKnownFileType = text.plist.xml; path = Info.plist; sourceTree = "<group>"; };
		95F1EA93242F786000C1771F /* MenuViewController.swift */ = {isa = PBXFileReference; lastKnownFileType = sourcecode.swift; path = MenuViewController.swift; sourceTree = "<group>"; };
/* End PBXFileReference section */

/* Begin PBXFrameworksBuildPhase section */
		95F1EA6B242F76E500C1771F /* Frameworks */ = {
			isa = PBXFrameworksBuildPhase;
			buildActionMask = 2147483647;
			files = (
			);
			runOnlyForDeploymentPostprocessing = 0;
		};
		95F1EA81242F76E700C1771F /* Frameworks */ = {
			isa = PBXFrameworksBuildPhase;
			buildActionMask = 2147483647;
			files = (
			);
			runOnlyForDeploymentPostprocessing = 0;
		};
/* End PBXFrameworksBuildPhase section */

/* Begin PBXGroup section */
		95F1EA65242F76E500C1771F = {
			isa = PBXGroup;
			children = (
				95F1EA70242F76E500C1771F /* Split Mind */,
				95F1EA87242F76E700C1771F /* Split MindTests */,
				95F1EA6F242F76E500C1771F /* Products */,
			);
			sourceTree = "<group>";
		};
		95F1EA6F242F76E500C1771F /* Products */ = {
			isa = PBXGroup;
			children = (
				95F1EA6E242F76E500C1771F /* Split Mind.app */,
				95F1EA84242F76E700C1771F /* Split MindTests.xctest */,
			);
			name = Products;
			sourceTree = "<group>";
		};
		95F1EA70242F76E500C1771F /* Split Mind */ = {
			isa = PBXGroup;
			children = (
				95F1EA71242F76E500C1771F /* AppDelegate.swift */,
				95F1EA93242F786000C1771F /* MenuViewController.swift */,
				95F1EA73242F76E500C1771F /* ARViewController.swift */,
				954243B82498DBBD00D89BD0 /* Psychosis.rcproject */,
				95F1EA77242F76E500C1771F /* Main.storyboard */,
				95F1EA7A242F76E700C1771F /* Assets.xcassets */,
				95F1EA7C242F76E700C1771F /* LaunchScreen.storyboard */,
				95F1EA7F242F76E700C1771F /* Info.plist */,
			);
			path = "Split Mind";
			sourceTree = "<group>";
		};
		95F1EA87242F76E700C1771F /* Split MindTests */ = {
			isa = PBXGroup;
			children = (
				95F1EA88242F76E700C1771F /* Split_MindTests.swift */,
				95F1EA8A242F76E700C1771F /* Info.plist */,
			);
			path = "Split MindTests";
			sourceTree = "<group>";
		};
/* End PBXGroup section */

/* Begin PBXNativeTarget section */
		95F1EA6D242F76E500C1771F /* Split Mind */ = {
			isa = PBXNativeTarget;
			buildConfigurationList = 95F1EA8D242F76E700C1771F /* Build configuration list for PBXNativeTarget "Split Mind" */;
			buildPhases = (
				95F1EA6A242F76E500C1771F /* Sources */,
				95F1EA6B242F76E500C1771F /* Frameworks */,
				95F1EA6C242F76E500C1771F /* Resources */,
			);
			buildRules = (
			);
			dependencies = (
			);
			name = "Split Mind";
			productName = "Split Mind";
			productReference = 95F1EA6E242F76E500C1771F /* Split Mind.app */;
			productType = "com.apple.product-type.application";
		};
		95F1EA83242F76E700C1771F /* Split MindTests */ = {
			isa = PBXNativeTarget;
			buildConfigurationList = 95F1EA90242F76E700C1771F /* Build configuration list for PBXNativeTarget "Split MindTests" */;
			buildPhases = (
				95F1EA80242F76E700C1771F /* Sources */,
				95F1EA81242F76E700C1771F /* Frameworks */,
				95F1EA82242F76E700C1771F /* Resources */,
			);
			buildRules = (
			);
			dependencies = (
				95F1EA86242F76E700C1771F /* PBXTargetDependency */,
			);
			name = "Split MindTests";
			productName = "Split MindTests";
			productReference = 95F1EA84242F76E700C1771F /* Split MindTests.xctest */;
			productType = "com.apple.product-type.bundle.unit-test";
		};
/* End PBXNativeTarget section */

/* Begin PBXProject section */
		95F1EA66242F76E500C1771F /* Project object */ = {
			isa = PBXProject;
			attributes = {
				LastSwiftUpdateCheck = 1140;
				LastUpgradeCheck = 1200;
				ORGANIZATIONNAME = "Frank Solleveld";
				TargetAttributes = {
					95F1EA6D242F76E500C1771F = {
						CreatedOnToolsVersion = 11.4;
					};
					95F1EA83242F76E700C1771F = {
						CreatedOnToolsVersion = 11.4;
						TestTargetID = 95F1EA6D242F76E500C1771F;
					};
				};
			};
			buildConfigurationList = 95F1EA69242F76E500C1771F /* Build configuration list for PBXProject "Split Mind" */;
			compatibilityVersion = "Xcode 9.3";
			developmentRegion = en;
			hasScannedForEncodings = 0;
			knownRegions = (
				en,
				Base,
			);
			mainGroup = 95F1EA65242F76E500C1771F;
			productRefGroup = 95F1EA6F242F76E500C1771F /* Products */;
			projectDirPath = "";
			projectRoot = "";
			targets = (
				95F1EA6D242F76E500C1771F /* Split Mind */,
				95F1EA83242F76E700C1771F /* Split MindTests */,
			);
		};
/* End PBXProject section */

/* Begin PBXResourcesBuildPhase section */
		95F1EA6C242F76E500C1771F /* Resources */ = {
			isa = PBXResourcesBuildPhase;
			buildActionMask = 2147483647;
			files = (
				95F1EA7E242F76E700C1771F /* LaunchScreen.storyboard in Resources */,
				95F1EA7B242F76E700C1771F /* Assets.xcassets in Resources */,
				95F1EA79242F76E500C1771F /* Main.storyboard in Resources */,
			);
			runOnlyForDeploymentPostprocessing = 0;
		};
		95F1EA82242F76E700C1771F /* Resources */ = {
			isa = PBXResourcesBuildPhase;
			buildActionMask = 2147483647;
			files = (
			);
			runOnlyForDeploymentPostprocessing = 0;
		};
/* End PBXResourcesBuildPhase section */

/* Begin PBXSourcesBuildPhase section */
		95F1EA6A242F76E500C1771F /* Sources */ = {
			isa = PBXSourcesBuildPhase;
			buildActionMask = 2147483647;
			files = (
				95F1EA74242F76E500C1771F /* ARViewController.swift in Sources */,
				95F1EA72242F76E500C1771F /* AppDelegate.swift in Sources */,
				95F1EA94242F786000C1771F /* MenuViewController.swift in Sources */,
				954243B92498DBBD00D89BD0 /* Psychosis.rcproject in Sources */,
			);
			runOnlyForDeploymentPostprocessing = 0;
		};
		95F1EA80242F76E700C1771F /* Sources */ = {
			isa = PBXSourcesBuildPhase;
			buildActionMask = 2147483647;
			files = (
				95F1EA89242F76E700C1771F /* Split_MindTests.swift in Sources */,
			);
			runOnlyForDeploymentPostprocessing = 0;
		};
/* End PBXSourcesBuildPhase section */

/* Begin PBXTargetDependency section */
		95F1EA86242F76E700C1771F /* PBXTargetDependency */ = {
			isa = PBXTargetDependency;
			target = 95F1EA6D242F76E500C1771F /* Split Mind */;
			targetProxy = 95F1EA85242F76E700C1771F /* PBXContainerItemProxy */;
		};
/* End PBXTargetDependency section */

/* Begin PBXVariantGroup section */
		95F1EA77242F76E500C1771F /* Main.storyboard */ = {
			isa = PBXVariantGroup;
			children = (
				95F1EA78242F76E500C1771F /* Base */,
			);
			name = Main.storyboard;
			sourceTree = "<group>";
		};
		95F1EA7C242F76E700C1771F /* LaunchScreen.storyboard */ = {
			isa = PBXVariantGroup;
			children = (
				95F1EA7D242F76E700C1771F /* Base */,
			);
			name = LaunchScreen.storyboard;
			sourceTree = "<group>";
		};
/* End PBXVariantGroup section */

/* Begin XCBuildConfiguration section */
		95F1EA8B242F76E700C1771F /* Debug */ = {
			isa = XCBuildConfiguration;
			buildSettings = {
				ALWAYS_SEARCH_USER_PATHS = NO;
				CLANG_ANALYZER_NONNULL = YES;
				CLANG_ANALYZER_NUMBER_OBJECT_CONVERSION = YES_AGGRESSIVE;
				CLANG_CXX_LANGUAGE_STANDARD = "gnu++14";
				CLANG_CXX_LIBRARY = "libc++";
				CLANG_ENABLE_MODULES = YES;
				CLANG_ENABLE_OBJC_ARC = YES;
				CLANG_ENABLE_OBJC_WEAK = YES;
				CLANG_WARN_BLOCK_CAPTURE_AUTORELEASING = YES;
				CLANG_WARN_BOOL_CONVERSION = YES;
				CLANG_WARN_COMMA = YES;
				CLANG_WARN_CONSTANT_CONVERSION = YES;
				CLANG_WARN_DEPRECATED_OBJC_IMPLEMENTATIONS = YES;
				CLANG_WARN_DIRECT_OBJC_ISA_USAGE = YES_ERROR;
				CLANG_WARN_DOCUMENTATION_COMMENTS = YES;
				CLANG_WARN_EMPTY_BODY = YES;
				CLANG_WARN_ENUM_CONVERSION = YES;
				CLANG_WARN_INFINITE_RECURSION = YES;
				CLANG_WARN_INT_CONVERSION = YES;
				CLANG_WARN_NON_LITERAL_NULL_CONVERSION = YES;
				CLANG_WARN_OBJC_IMPLICIT_RETAIN_SELF = YES;
				CLANG_WARN_OBJC_LITERAL_CONVERSION = YES;
				CLANG_WARN_OBJC_ROOT_CLASS = YES_ERROR;
				CLANG_WARN_QUOTED_INCLUDE_IN_FRAMEWORK_HEADER = YES;
				CLANG_WARN_RANGE_LOOP_ANALYSIS = YES;
				CLANG_WARN_STRICT_PROTOTYPES = YES;
				CLANG_WARN_SUSPICIOUS_MOVE = YES;
				CLANG_WARN_UNGUARDED_AVAILABILITY = YES_AGGRESSIVE;
				CLANG_WARN_UNREACHABLE_CODE = YES;
				CLANG_WARN__DUPLICATE_METHOD_MATCH = YES;
				COPY_PHASE_STRIP = NO;
				DEBUG_INFORMATION_FORMAT = dwarf;
				ENABLE_STRICT_OBJC_MSGSEND = YES;
				ENABLE_TESTABILITY = YES;
				GCC_C_LANGUAGE_STANDARD = gnu11;
				GCC_DYNAMIC_NO_PIC = NO;
				GCC_NO_COMMON_BLOCKS = YES;
				GCC_OPTIMIZATION_LEVEL = 0;
				GCC_PREPROCESSOR_DEFINITIONS = (
					"DEBUG=1",
					"$(inherited)",
				);
				GCC_WARN_64_TO_32_BIT_CONVERSION = YES;
				GCC_WARN_ABOUT_RETURN_TYPE = YES_ERROR;
				GCC_WARN_UNDECLARED_SELECTOR = YES;
				GCC_WARN_UNINITIALIZED_AUTOS = YES_AGGRESSIVE;
				GCC_WARN_UNUSED_FUNCTION = YES;
				GCC_WARN_UNUSED_VARIABLE = YES;
				IPHONEOS_DEPLOYMENT_TARGET = 13.4;
				MTL_ENABLE_DEBUG_INFO = INCLUDE_SOURCE;
				MTL_FAST_MATH = YES;
				ONLY_ACTIVE_ARCH = YES;
				SDKROOT = iphoneos;
				SWIFT_ACTIVE_COMPILATION_CONDITIONS = DEBUG;
				SWIFT_OPTIMIZATION_LEVEL = "-Onone";
			};
			name = Debug;
		};
		95F1EA8C242F76E700C1771F /* Release */ = {
			isa = XCBuildConfiguration;
			buildSettings = {
				ALWAYS_SEARCH_USER_PATHS = NO;
				CLANG_ANALYZER_NONNULL = YES;
				CLANG_ANALYZER_NUMBER_OBJECT_CONVERSION = YES_AGGRESSIVE;
				CLANG_CXX_LANGUAGE_STANDARD = "gnu++14";
				CLANG_CXX_LIBRARY = "libc++";
				CLANG_ENABLE_MODULES = YES;
				CLANG_ENABLE_OBJC_ARC = YES;
				CLANG_ENABLE_OBJC_WEAK = YES;
				CLANG_WARN_BLOCK_CAPTURE_AUTORELEASING = YES;
				CLANG_WARN_BOOL_CONVERSION = YES;
				CLANG_WARN_COMMA = YES;
				CLANG_WARN_CONSTANT_CONVERSION = YES;
				CLANG_WARN_DEPRECATED_OBJC_IMPLEMENTATIONS = YES;
				CLANG_WARN_DIRECT_OBJC_ISA_USAGE = YES_ERROR;
				CLANG_WARN_DOCUMENTATION_COMMENTS = YES;
				CLANG_WARN_EMPTY_BODY = YES;
				CLANG_WARN_ENUM_CONVERSION = YES;
				CLANG_WARN_INFINITE_RECURSION = YES;
				CLANG_WARN_INT_CONVERSION = YES;
				CLANG_WARN_NON_LITERAL_NULL_CONVERSION = YES;
				CLANG_WARN_OBJC_IMPLICIT_RETAIN_SELF = YES;
				CLANG_WARN_OBJC_LITERAL_CONVERSION = YES;
				CLANG_WARN_OBJC_ROOT_CLASS = YES_ERROR;
				CLANG_WARN_QUOTED_INCLUDE_IN_FRAMEWORK_HEADER = YES;
				CLANG_WARN_RANGE_LOOP_ANALYSIS = YES;
				CLANG_WARN_STRICT_PROTOTYPES = YES;
				CLANG_WARN_SUSPICIOUS_MOVE = YES;
				CLANG_WARN_UNGUARDED_AVAILABILITY = YES_AGGRESSIVE;
				CLANG_WARN_UNREACHABLE_CODE = YES;
				CLANG_WARN__DUPLICATE_METHOD_MATCH = YES;
				COPY_PHASE_STRIP = NO;
				DEBUG_INFORMATION_FORMAT = "dwarf-with-dsym";
				ENABLE_NS_ASSERTIONS = NO;
				ENABLE_STRICT_OBJC_MSGSEND = YES;
				GCC_C_LANGUAGE_STANDARD = gnu11;
				GCC_NO_COMMON_BLOCKS = YES;
				GCC_WARN_64_TO_32_BIT_CONVERSION = YES;
				GCC_WARN_ABOUT_RETURN_TYPE = YES_ERROR;
				GCC_WARN_UNDECLARED_SELECTOR = YES;
				GCC_WARN_UNINITIALIZED_AUTOS = YES_AGGRESSIVE;
				GCC_WARN_UNUSED_FUNCTION = YES;
				GCC_WARN_UNUSED_VARIABLE = YES;
				IPHONEOS_DEPLOYMENT_TARGET = 13.4;
				MTL_ENABLE_DEBUG_INFO = NO;
				MTL_FAST_MATH = YES;
				SDKROOT = iphoneos;
				SWIFT_COMPILATION_MODE = wholemodule;
				SWIFT_OPTIMIZATION_LEVEL = "-O";
				VALIDATE_PRODUCT = YES;
			};
			name = Release;
		};
		95F1EA8E242F76E700C1771F /* Debug */ = {
			isa = XCBuildConfiguration;
			buildSettings = {
				ASSETCATALOG_COMPILER_APPICON_NAME = AppIcon;
				CODE_SIGN_STYLE = Automatic;
				DEVELOPMENT_TEAM = 2BRJ7L3SUQ;
				INFOPLIST_FILE = "Split Mind/Info.plist";
				IPHONEOS_DEPLOYMENT_TARGET = 14.0;
				LD_RUNPATH_SEARCH_PATHS = (
					"$(inherited)",
					"@executable_path/Frameworks",
				);
				MARKETING_VERSION = 0.4;
				PRODUCT_BUNDLE_IDENTIFIER = com.solleveld.splitmind;
				PRODUCT_NAME = "$(TARGET_NAME)";
				SWIFT_VERSION = 5.0;
				TARGETED_DEVICE_FAMILY = "1,2";
			};
			name = Debug;
		};
		95F1EA8F242F76E700C1771F /* Release */ = {
			isa = XCBuildConfiguration;
			buildSettings = {
				ASSETCATALOG_COMPILER_APPICON_NAME = AppIcon;
				CODE_SIGN_STYLE = Automatic;
				DEVELOPMENT_TEAM = 2BRJ7L3SUQ;
				INFOPLIST_FILE = "Split Mind/Info.plist";
				IPHONEOS_DEPLOYMENT_TARGET = 14.0;
				LD_RUNPATH_SEARCH_PATHS = (
					"$(inherited)",
					"@executable_path/Frameworks",
				);
				MARKETING_VERSION = 0.4;
				PRODUCT_BUNDLE_IDENTIFIER = com.solleveld.splitmind;
				PRODUCT_NAME = "$(TARGET_NAME)";
				SWIFT_VERSION = 5.0;
				TARGETED_DEVICE_FAMILY = "1,2";
			};
			name = Release;
		};
		95F1EA91242F76E700C1771F /* Debug */ = {
			isa = XCBuildConfiguration;
			buildSettings = {
				ALWAYS_EMBED_SWIFT_STANDARD_LIBRARIES = YES;
				BUNDLE_LOADER = "$(TEST_HOST)";
				CODE_SIGN_STYLE = Automatic;
				DEVELOPMENT_TEAM = 8S8EJS2M66;
				INFOPLIST_FILE = "Split MindTests/Info.plist";
				IPHONEOS_DEPLOYMENT_TARGET = 13.4;
				LD_RUNPATH_SEARCH_PATHS = (
					"$(inherited)",
					"@executable_path/Frameworks",
					"@loader_path/Frameworks",
				);
				PRODUCT_BUNDLE_IDENTIFIER = "com.solleveld.Split-MindTests";
				PRODUCT_NAME = "$(TARGET_NAME)";
				SWIFT_VERSION = 5.0;
				TARGETED_DEVICE_FAMILY = "1,2";
				TEST_HOST = "$(BUILT_PRODUCTS_DIR)/Split Mind.app/Split Mind";
			};
			name = Debug;
		};
		95F1EA92242F76E700C1771F /* Release */ = {
			isa = XCBuildConfiguration;
			buildSettings = {
				ALWAYS_EMBED_SWIFT_STANDARD_LIBRARIES = YES;
				BUNDLE_LOADER = "$(TEST_HOST)";
				CODE_SIGN_STYLE = Automatic;
				DEVELOPMENT_TEAM = 8S8EJS2M66;
				INFOPLIST_FILE = "Split MindTests/Info.plist";
				IPHONEOS_DEPLOYMENT_TARGET = 13.4;
				LD_RUNPATH_SEARCH_PATHS = (
					"$(inherited)",
					"@executable_path/Frameworks",
					"@loader_path/Frameworks",
				);
				PRODUCT_BUNDLE_IDENTIFIER = "com.solleveld.Split-MindTests";
				PRODUCT_NAME = "$(TARGET_NAME)";
				SWIFT_VERSION = 5.0;
				TARGETED_DEVICE_FAMILY = "1,2";
				TEST_HOST = "$(BUILT_PRODUCTS_DIR)/Split Mind.app/Split Mind";
			};
			name = Release;
		};
/* End XCBuildConfiguration section */

/* Begin XCConfigurationList section */
		95F1EA69242F76E500C1771F /* Build configuration list for PBXProject "Split Mind" */ = {
			isa = XCConfigurationList;
			buildConfigurations = (
				95F1EA8B242F76E700C1771F /* Debug */,
				95F1EA8C242F76E700C1771F /* Release */,
			);
			defaultConfigurationIsVisible = 0;
			defaultConfigurationName = Release;
		};
		95F1EA8D242F76E700C1771F /* Build configuration list for PBXNativeTarget "Split Mind" */ = {
			isa = XCConfigurationList;
			buildConfigurations = (
				95F1EA8E242F76E700C1771F /* Debug */,
				95F1EA8F242F76E700C1771F /* Release */,
			);
			defaultConfigurationIsVisible = 0;
			defaultConfigurationName = Release;
		};
		95F1EA90242F76E700C1771F /* Build configuration list for PBXNativeTarget "Split MindTests" */ = {
			isa = XCConfigurationList;
			buildConfigurations = (
				95F1EA91242F76E700C1771F /* Debug */,
				95F1EA92242F76E700C1771F /* Release */,
			);
			defaultConfigurationIsVisible = 0;
			defaultConfigurationName = Release;
		};
/* End XCConfigurationList section */
	};
	rootObject = 95F1EA66242F76E500C1771F /* Project object */;
}
